
Microsoft Visual Studio Solution File, Format Version 12.00
# Visual Studio Version 17
VisualStudioVersion = 17.11.35219.272
MinimumVisualStudioVersion = 10.0.40219.1
Project("{9A19103F-16F7-4668-BE54-9A1E7A4F7556}") = "WorkloadManager", "WorkloadManager\WorkloadManager.csproj", "{B10E7CAE-ACEC-4B90-865C-13AF18C0092B}"
EndProject
Project("{FAE04EC0-301F-11D3-BF4B-00C04F79EFBC}") = "WorkTesters", "WorkTesters\WorkTesters.csproj", "{A6B462DE-6578-4209-8BC8-B10552FBA5BC}"
EndProject
Global
	GlobalSection(SolutionConfigurationPlatforms) = preSolution
		Debug|Any CPU = Debug|Any CPU
		Release|Any CPU = Release|Any CPU
	EndGlobalSection
	GlobalSection(ProjectConfigurationPlatforms) = postSolution
		{B10E7CAE-ACEC-4B90-865C-13AF18C0092B}.Debug|Any CPU.ActiveCfg = Debug|Any CPU
		{B10E7CAE-ACEC-4B90-865C-13AF18C0092B}.Debug|Any CPU.Build.0 = Debug|Any CPU
		{B10E7CAE-ACEC-4B90-865C-13AF18C0092B}.Release|Any CPU.ActiveCfg = Release|Any CPU
		{B10E7CAE-ACEC-4B90-865C-13AF18C0092B}.Release|Any CPU.Build.0 = Release|Any CPU
		{A6B462DE-6578-4209-8BC8-B10552FBA5BC}.Debug|Any CPU.ActiveCfg = Debug|Any CPU
		{A6B462DE-6578-4209-8BC8-B10552FBA5BC}.Debug|Any CPU.Build.0 = Debug|Any CPU
		{A6B462DE-6578-4209-8BC8-B10552FBA5BC}.Release|Any CPU.ActiveCfg = Release|Any CPU
		{A6B462DE-6578-4209-8BC8-B10552FBA5BC}.Release|Any CPU.Build.0 = Release|Any CPU
	EndGlobalSection
	GlobalSection(SolutionProperties) = preSolution
		HideSolutionNode = FALSE
	EndGlobalSection
EndGlobal
